
Microsoft Visual Studio Solution File, Format Version 12.00
# Visual Studio Version 17
VisualStudioVersion = 17.11.35312.102
MinimumVisualStudioVersion = 10.0.40219.1
Project("{11A8DD76-328B-46DF-9F39-F559912D0360}") = "IoT_App", "IoT_App\IoT_App.nfproj", "{D997B5A9-9F96-444E-ACE6-E006AF40D748}"
EndProject
Global
	GlobalSection(SolutionConfigurationPlatforms) = preSolution
		Debug|Any CPU = Debug|Any CPU
		Release|Any CPU = Release|Any CPU
	EndGlobalSection
	GlobalSection(ProjectConfigurationPlatforms) = postSolution
		{D997B5A9-9F96-444E-ACE6-E006AF40D748}.Debug|Any CPU.ActiveCfg = Debug|Any CPU
		{D997B5A9-9F96-444E-ACE6-E006AF40D748}.Debug|Any CPU.Build.0 = Debug|Any CPU
		{D997B5A9-9F96-444E-ACE6-E006AF40D748}.Debug|Any CPU.Deploy.0 = Debug|Any CPU
		{D997B5A9-9F96-444E-ACE6-E006AF40D748}.Release|Any CPU.ActiveCfg = Release|Any CPU
		{D997B5A9-9F96-444E-ACE6-E006AF40D748}.Release|Any CPU.Build.0 = Release|Any CPU
		{D997B5A9-9F96-444E-ACE6-E006AF40D748}.Release|Any CPU.Deploy.0 = Release|Any CPU
	EndGlobalSection
	GlobalSection(SolutionProperties) = preSolution
		HideSolutionNode = FALSE
	EndGlobalSection
	GlobalSection(ExtensibilityGlobals) = postSolution
		SolutionGuid = {1C90541D-458E-4014-BBE6-351D27D9DAB4}
	EndGlobalSection
EndGlobal
